
Microsoft Visual Studio Solution File, Format Version 12.00
# Visual Studio Version 16
VisualStudioVersion = 16.0.30320.27
MinimumVisualStudioVersion = 10.0.40219.1
Project("{FAE04EC0-301F-11D3-BF4B-00C04F79EFBC}") = "NoteSystem.ConsoleApp", "NoteSystem.Console\NoteSystem.ConsoleApp.csproj", "{809010B3-B6CF-427F-A120-9E7C671DF417}"
EndProject
Project("{2150E333-8FDC-42A3-9474-1A3956D46DE8}") = "UserInterface", "UserInterface", "{5B24A38F-A86C-41FF-91D1-2E6A8C71CCA9}"
EndProject
Project("{FAE04EC0-301F-11D3-BF4B-00C04F79EFBC}") = "NoteSystem.WinFormsApp", "NoteSystem.WinFormsApp\NoteSystem.WinFormsApp.csproj", "{0AE4B9A5-57D1-42EA-BED5-59F910626220}"
EndProject
Project("{FAE04EC0-301F-11D3-BF4B-00C04F79EFBC}") = "NoteSystem.WpfApp", "NoteSystem.WpfApp\NoteSystem.WpfApp.csproj", "{4C6B9C1B-94DC-4FF4-96BA-0742AF22A254}"
EndProject
Project("{FAE04EC0-301F-11D3-BF4B-00C04F79EFBC}") = "NoteSystem.DAL", "NoteSystem.DAL\NoteSystem.DAL.csproj", "{61968761-1DCF-4A3A-80DB-D6A3B968BD70}"
EndProject
Project("{FAE04EC0-301F-11D3-BF4B-00C04F79EFBC}") = "NoteSystem.BLL", "NoteSystem.BLL\NoteSystem.BLL.csproj", "{01BD47AA-D3D7-498D-A73F-AA6115A6B58A}"
EndProject
Global
	GlobalSection(SolutionConfigurationPlatforms) = preSolution
		Debug|Any CPU = Debug|Any CPU
		Release|Any CPU = Release|Any CPU
	EndGlobalSection
	GlobalSection(ProjectConfigurationPlatforms) = postSolution
		{809010B3-B6CF-427F-A120-9E7C671DF417}.Debug|Any CPU.ActiveCfg = Debug|Any CPU
		{809010B3-B6CF-427F-A120-9E7C671DF417}.Debug|Any CPU.Build.0 = Debug|Any CPU
		{809010B3-B6CF-427F-A120-9E7C671DF417}.Release|Any CPU.ActiveCfg = Release|Any CPU
		{809010B3-B6CF-427F-A120-9E7C671DF417}.Release|Any CPU.Build.0 = Release|Any CPU
		{0AE4B9A5-57D1-42EA-BED5-59F910626220}.Debug|Any CPU.ActiveCfg = Debug|Any CPU
		{0AE4B9A5-57D1-42EA-BED5-59F910626220}.Debug|Any CPU.Build.0 = Debug|Any CPU
		{0AE4B9A5-57D1-42EA-BED5-59F910626220}.Release|Any CPU.ActiveCfg = Release|Any CPU
		{0AE4B9A5-57D1-42EA-BED5-59F910626220}.Release|Any CPU.Build.0 = Release|Any CPU
		{4C6B9C1B-94DC-4FF4-96BA-0742AF22A254}.Debug|Any CPU.ActiveCfg = Debug|Any CPU
		{4C6B9C1B-94DC-4FF4-96BA-0742AF22A254}.Debug|Any CPU.Build.0 = Debug|Any CPU
		{4C6B9C1B-94DC-4FF4-96BA-0742AF22A254}.Release|Any CPU.ActiveCfg = Release|Any CPU
		{4C6B9C1B-94DC-4FF4-96BA-0742AF22A254}.Release|Any CPU.Build.0 = Release|Any CPU
		{61968761-1DCF-4A3A-80DB-D6A3B968BD70}.Debug|Any CPU.ActiveCfg = Debug|Any CPU
		{61968761-1DCF-4A3A-80DB-D6A3B968BD70}.Debug|Any CPU.Build.0 = Debug|Any CPU
		{61968761-1DCF-4A3A-80DB-D6A3B968BD70}.Release|Any CPU.ActiveCfg = Release|Any CPU
		{61968761-1DCF-4A3A-80DB-D6A3B968BD70}.Release|Any CPU.Build.0 = Release|Any CPU
		{01BD47AA-D3D7-498D-A73F-AA6115A6B58A}.Debug|Any CPU.ActiveCfg = Debug|Any CPU
		{01BD47AA-D3D7-498D-A73F-AA6115A6B58A}.Debug|Any CPU.Build.0 = Debug|Any CPU
		{01BD47AA-D3D7-498D-A73F-AA6115A6B58A}.Release|Any CPU.ActiveCfg = Release|Any CPU
		{01BD47AA-D3D7-498D-A73F-AA6115A6B58A}.Release|Any CPU.Build.0 = Release|Any CPU
	EndGlobalSection
	GlobalSection(SolutionProperties) = preSolution
		HideSolutionNode = FALSE
	EndGlobalSection
	GlobalSection(NestedProjects) = preSolution
		{809010B3-B6CF-427F-A120-9E7C671DF417} = {5B24A38F-A86C-41FF-91D1-2E6A8C71CCA9}
		{0AE4B9A5-57D1-42EA-BED5-59F910626220} = {5B24A38F-A86C-41FF-91D1-2E6A8C71CCA9}
		{4C6B9C1B-94DC-4FF4-96BA-0742AF22A254} = {5B24A38F-A86C-41FF-91D1-2E6A8C71CCA9}
	EndGlobalSection
	GlobalSection(ExtensibilityGlobals) = postSolution
		SolutionGuid = {547E23CC-01E8-4D3C-8656-698C51AA48B5}
	EndGlobalSection
EndGlobal
